
Microsoft Visual Studio Solution File, Format Version 12.00
# Visual Studio Version 16
VisualStudioVersion = 16.0.30413.136
MinimumVisualStudioVersion = 10.0.40219.1
Project("{FAE04EC0-301F-11D3-BF4B-00C04F79EFBC}") = "CmsShoppingCart", "CmsShoppingCart\CmsShoppingCart.csproj", "{298A0F18-6283-4B14-B0EE-E4FA875D1075}"
EndProject
Global
	GlobalSection(SolutionConfigurationPlatforms) = preSolution
		Debug|Any CPU = Debug|Any CPU
		Release|Any CPU = Release|Any CPU
	EndGlobalSection
	GlobalSection(ProjectConfigurationPlatforms) = postSolution
		{298A0F18-6283-4B14-B0EE-E4FA875D1075}.Debug|Any CPU.ActiveCfg = Debug|Any CPU
		{298A0F18-6283-4B14-B0EE-E4FA875D1075}.Debug|Any CPU.Build.0 = Debug|Any CPU
		{298A0F18-6283-4B14-B0EE-E4FA875D1075}.Release|Any CPU.ActiveCfg = Release|Any CPU
		{298A0F18-6283-4B14-B0EE-E4FA875D1075}.Release|Any CPU.Build.0 = Release|Any CPU
	EndGlobalSection
	GlobalSection(SolutionProperties) = preSolution
		HideSolutionNode = FALSE
	EndGlobalSection
	GlobalSection(ExtensibilityGlobals) = postSolution
		SolutionGuid = {EE75D56A-C8F0-445C-96D6-451A6F49EAD3}
	EndGlobalSection
EndGlobal
